
Microsoft Visual Studio Solution File, Format Version 12.00
# Visual Studio Version 16
VisualStudioVersion = 16.0.29215.179
MinimumVisualStudioVersion = 10.0.40219.1
Project("{9A19103F-16F7-4668-BE54-9A1E7A4F7556}") = "AdventOfCode", "AdventOfCode\AdventOfCode.csproj", "{9106342E-7FAD-49F0-8E0E-5B0796D3CB0D}"
EndProject
Project("{FAE04EC0-301F-11D3-BF4B-00C04F79EFBC}") = "AdventOfCode.Tests", "AdventOfCode.Tests\AdventOfCode.Tests.csproj", "{3C52504C-0490-4D7D-AD21-12668C72AA04}"
EndProject
Global
	GlobalSection(SolutionConfigurationPlatforms) = preSolution
		Debug|Any CPU = Debug|Any CPU
		Release|Any CPU = Release|Any CPU
	EndGlobalSection
	GlobalSection(ProjectConfigurationPlatforms) = postSolution
		{9106342E-7FAD-49F0-8E0E-5B0796D3CB0D}.Debug|Any CPU.ActiveCfg = Debug|Any CPU
		{9106342E-7FAD-49F0-8E0E-5B0796D3CB0D}.Debug|Any CPU.Build.0 = Debug|Any CPU
		{9106342E-7FAD-49F0-8E0E-5B0796D3CB0D}.Release|Any CPU.ActiveCfg = Release|Any CPU
		{9106342E-7FAD-49F0-8E0E-5B0796D3CB0D}.Release|Any CPU.Build.0 = Release|Any CPU
		{3C52504C-0490-4D7D-AD21-12668C72AA04}.Debug|Any CPU.ActiveCfg = Debug|Any CPU
		{3C52504C-0490-4D7D-AD21-12668C72AA04}.Debug|Any CPU.Build.0 = Debug|Any CPU
		{3C52504C-0490-4D7D-AD21-12668C72AA04}.Release|Any CPU.ActiveCfg = Release|Any CPU
		{3C52504C-0490-4D7D-AD21-12668C72AA04}.Release|Any CPU.Build.0 = Release|Any CPU
	EndGlobalSection
	GlobalSection(SolutionProperties) = preSolution
		HideSolutionNode = FALSE
	EndGlobalSection
	GlobalSection(ExtensibilityGlobals) = postSolution
		SolutionGuid = {D22E26B1-62D9-46D0-A988-4FA81341D349}
	EndGlobalSection
EndGlobal
